// !$*UTF8*$!
{
	archiveVersion = 1;
	classes = {
	};
	objectVersion = 50;
	objects = {

/* Begin PBXBuildFile section */
		75999CA525E5DA9B00CD0080 /* Tests_iOS.swift in Sources */ = {isa = PBXBuildFile; fileRef = 75999CA425E5DA9B00CD0080 /* Tests_iOS.swift */; };
		75999CB025E5DA9B00CD0080 /* Tests_macOS.swift in Sources */ = {isa = PBXBuildFile; fileRef = 75999CAF25E5DA9B00CD0080 /* Tests_macOS.swift */; };
		75999CB225E5DA9B00CD0080 /* PomodoroHub.xcdatamodeld in Sources */ = {isa = PBXBuildFile; fileRef = 75999C8625E5DA9A00CD0080 /* PomodoroHub.xcdatamodeld */; };
		75999CB325E5DA9B00CD0080 /* PomodoroHub.xcdatamodeld in Sources */ = {isa = PBXBuildFile; fileRef = 75999C8625E5DA9A00CD0080 /* PomodoroHub.xcdatamodeld */; };
		75999CB425E5DA9B00CD0080 /* PomodoroHubApp.swift in Sources */ = {isa = PBXBuildFile; fileRef = 75999C8825E5DA9A00CD0080 /* PomodoroHubApp.swift */; };
		75999CB525E5DA9B00CD0080 /* PomodoroHubApp.swift in Sources */ = {isa = PBXBuildFile; fileRef = 75999C8825E5DA9A00CD0080 /* PomodoroHubApp.swift */; };
		75999CB625E5DA9B00CD0080 /* ContentView.swift in Sources */ = {isa = PBXBuildFile; fileRef = 75999C8925E5DA9A00CD0080 /* ContentView.swift */; };
		75999CB725E5DA9B00CD0080 /* ContentView.swift in Sources */ = {isa = PBXBuildFile; fileRef = 75999C8925E5DA9A00CD0080 /* ContentView.swift */; };
		75999CB825E5DA9B00CD0080 /* Persistence.swift in Sources */ = {isa = PBXBuildFile; fileRef = 75999C8A25E5DA9A00CD0080 /* Persistence.swift */; };
		75999CB925E5DA9B00CD0080 /* Persistence.swift in Sources */ = {isa = PBXBuildFile; fileRef = 75999C8A25E5DA9A00CD0080 /* Persistence.swift */; };
		75999CBA25E5DA9B00CD0080 /* Assets.xcassets in Resources */ = {isa = PBXBuildFile; fileRef = 75999C8B25E5DA9B00CD0080 /* Assets.xcassets */; };
		75999CBB25E5DA9B00CD0080 /* Assets.xcassets in Resources */ = {isa = PBXBuildFile; fileRef = 75999C8B25E5DA9B00CD0080 /* Assets.xcassets */; };
/* End PBXBuildFile section */

/* Begin PBXContainerItemProxy section */
		75999CA125E5DA9B00CD0080 /* PBXContainerItemProxy */ = {
			isa = PBXContainerItemProxy;
			containerPortal = 75999C8125E5DA9A00CD0080 /* Project object */;
			proxyType = 1;
			remoteGlobalIDString = 75999C8F25E5DA9B00CD0080;
			remoteInfo = "PomodoroHub (iOS)";
		};
		75999CAC25E5DA9B00CD0080 /* PBXContainerItemProxy */ = {
			isa = PBXContainerItemProxy;
			containerPortal = 75999C8125E5DA9A00CD0080 /* Project object */;
			proxyType = 1;
			remoteGlobalIDString = 75999C9725E5DA9B00CD0080;
			remoteInfo = "PomodoroHub (macOS)";
		};
/* End PBXContainerItemProxy section */

/* Begin PBXFileReference section */
		75999C8725E5DA9A00CD0080 /* Shared.xcdatamodel */ = {isa = PBXFileReference; lastKnownFileType = wrapper.xcdatamodel; path = Shared.xcdatamodel; sourceTree = "<group>"; };
		75999C8825E5DA9A00CD0080 /* PomodoroHubApp.swift */ = {isa = PBXFileReference; lastKnownFileType = sourcecode.swift; path = PomodoroHubApp.swift; sourceTree = "<group>"; };
		75999C8925E5DA9A00CD0080 /* ContentView.swift */ = {isa = PBXFileReference; lastKnownFileType = sourcecode.swift; path = ContentView.swift; sourceTree = "<group>"; };
		75999C8A25E5DA9A00CD0080 /* Persistence.swift */ = {isa = PBXFileReference; lastKnownFileType = sourcecode.swift; path = Persistence.swift; sourceTree = "<group>"; };
		75999C8B25E5DA9B00CD0080 /* Assets.xcassets */ = {isa = PBXFileReference; lastKnownFileType = folder.assetcatalog; path = Assets.xcassets; sourceTree = "<group>"; };
		75999C9025E5DA9B00CD0080 /* PomodoroHub.app */ = {isa = PBXFileReference; explicitFileType = wrapper.application; includeInIndex = 0; path = PomodoroHub.app; sourceTree = BUILT_PRODUCTS_DIR; };
		75999C9325E5DA9B00CD0080 /* Info.plist */ = {isa = PBXFileReference; lastKnownFileType = text.plist.xml; path = Info.plist; sourceTree = "<group>"; };
		75999C9825E5DA9B00CD0080 /* PomodoroHub.app */ = {isa = PBXFileReference; explicitFileType = wrapper.application; includeInIndex = 0; path = PomodoroHub.app; sourceTree = BUILT_PRODUCTS_DIR; };
		75999C9A25E5DA9B00CD0080 /* Info.plist */ = {isa = PBXFileReference; lastKnownFileType = text.plist.xml; path = Info.plist; sourceTree = "<group>"; };
		75999C9B25E5DA9B00CD0080 /* macOS.entitlements */ = {isa = PBXFileReference; lastKnownFileType = text.plist.entitlements; path = macOS.entitlements; sourceTree = "<group>"; };
		75999CA025E5DA9B00CD0080 /* Tests iOS.xctest */ = {isa = PBXFileReference; explicitFileType = wrapper.cfbundle; includeInIndex = 0; path = "Tests iOS.xctest"; sourceTree = BUILT_PRODUCTS_DIR; };
		75999CA425E5DA9B00CD0080 /* Tests_iOS.swift */ = {isa = PBXFileReference; lastKnownFileType = sourcecode.swift; path = Tests_iOS.swift; sourceTree = "<group>"; };
		75999CA625E5DA9B00CD0080 /* Info.plist */ = {isa = PBXFileReference; lastKnownFileType = text.plist.xml; path = Info.plist; sourceTree = "<group>"; };
		75999CAB25E5DA9B00CD0080 /* Tests macOS.xctest */ = {isa = PBXFileReference; explicitFileType = wrapper.cfbundle; includeInIndex = 0; path = "Tests macOS.xctest"; sourceTree = BUILT_PRODUCTS_DIR; };
		75999CAF25E5DA9B00CD0080 /* Tests_macOS.swift */ = {isa = PBXFileReference; lastKnownFileType = sourcecode.swift; path = Tests_macOS.swift; sourceTree = "<group>"; };
		75999CB125E5DA9B00CD0080 /* Info.plist */ = {isa = PBXFileReference; lastKnownFileType = text.plist.xml; path = Info.plist; sourceTree = "<group>"; };
/* End PBXFileReference section */

/* Begin PBXFrameworksBuildPhase section */
		75999C8D25E5DA9B00CD0080 /* Frameworks */ = {
			isa = PBXFrameworksBuildPhase;
			buildActionMask = 2147483647;
			files = (
			);
			runOnlyForDeploymentPostprocessing = 0;
		};
		75999C9525E5DA9B00CD0080 /* Frameworks */ = {
			isa = PBXFrameworksBuildPhase;
			buildActionMask = 2147483647;
			files = (
			);
			runOnlyForDeploymentPostprocessing = 0;
		};
		75999C9D25E5DA9B00CD0080 /* Frameworks */ = {
			isa = PBXFrameworksBuildPhase;
			buildActionMask = 2147483647;
			files = (
			);
			runOnlyForDeploymentPostprocessing = 0;
		};
		75999CA825E5DA9B00CD0080 /* Frameworks */ = {
			isa = PBXFrameworksBuildPhase;
			buildActionMask = 2147483647;
			files = (
			);
			runOnlyForDeploymentPostprocessing = 0;
		};
/* End PBXFrameworksBuildPhase section */

/* Begin PBXGroup section */
		75999C8025E5DA9A00CD0080 = {
			isa = PBXGroup;
			children = (
				75999C8525E5DA9A00CD0080 /* Shared */,
				75999C9225E5DA9B00CD0080 /* iOS */,
				75999C9925E5DA9B00CD0080 /* macOS */,
				75999CA325E5DA9B00CD0080 /* Tests iOS */,
				75999CAE25E5DA9B00CD0080 /* Tests macOS */,
				75999C9125E5DA9B00CD0080 /* Products */,
			);
			sourceTree = "<group>";
		};
		75999C8525E5DA9A00CD0080 /* Shared */ = {
			isa = PBXGroup;
			children = (
				75999C8825E5DA9A00CD0080 /* PomodoroHubApp.swift */,
				75999C8925E5DA9A00CD0080 /* ContentView.swift */,
				75999C8A25E5DA9A00CD0080 /* Persistence.swift */,
				75999C8B25E5DA9B00CD0080 /* Assets.xcassets */,
				75999C8625E5DA9A00CD0080 /* PomodoroHub.xcdatamodeld */,
			);
			path = Shared;
			sourceTree = "<group>";
		};
		75999C9125E5DA9B00CD0080 /* Products */ = {
			isa = PBXGroup;
			children = (
				75999C9025E5DA9B00CD0080 /* PomodoroHub.app */,
				75999C9825E5DA9B00CD0080 /* PomodoroHub.app */,
				75999CA025E5DA9B00CD0080 /* Tests iOS.xctest */,
				75999CAB25E5DA9B00CD0080 /* Tests macOS.xctest */,
			);
			name = Products;
			sourceTree = "<group>";
		};
		75999C9225E5DA9B00CD0080 /* iOS */ = {
			isa = PBXGroup;
			children = (
				75999C9325E5DA9B00CD0080 /* Info.plist */,
			);
			path = iOS;
			sourceTree = "<group>";
		};
		75999C9925E5DA9B00CD0080 /* macOS */ = {
			isa = PBXGroup;
			children = (
				75999C9A25E5DA9B00CD0080 /* Info.plist */,
				75999C9B25E5DA9B00CD0080 /* macOS.entitlements */,
			);
			path = macOS;
			sourceTree = "<group>";
		};
		75999CA325E5DA9B00CD0080 /* Tests iOS */ = {
			isa = PBXGroup;
			children = (
				75999CA425E5DA9B00CD0080 /* Tests_iOS.swift */,
				75999CA625E5DA9B00CD0080 /* Info.plist */,
			);
			path = "Tests iOS";
			sourceTree = "<group>";
		};
		75999CAE25E5DA9B00CD0080 /* Tests macOS */ = {
			isa = PBXGroup;
			children = (
				75999CAF25E5DA9B00CD0080 /* Tests_macOS.swift */,
				75999CB125E5DA9B00CD0080 /* Info.plist */,
			);
			path = "Tests macOS";
			sourceTree = "<group>";
		};
/* End PBXGroup section */

/* Begin PBXNativeTarget section */
		75999C8F25E5DA9B00CD0080 /* PomodoroHub (iOS) */ = {
			isa = PBXNativeTarget;
			buildConfigurationList = 75999CBE25E5DA9B00CD0080 /* Build configuration list for PBXNativeTarget "PomodoroHub (iOS)" */;
			buildPhases = (
				75999C8C25E5DA9B00CD0080 /* Sources */,
				75999C8D25E5DA9B00CD0080 /* Frameworks */,
				75999C8E25E5DA9B00CD0080 /* Resources */,
			);
			buildRules = (
			);
			dependencies = (
			);
			name = "PomodoroHub (iOS)";
			productName = "PomodoroHub (iOS)";
			productReference = 75999C9025E5DA9B00CD0080 /* PomodoroHub.app */;
			productType = "com.apple.product-type.application";
		};
		75999C9725E5DA9B00CD0080 /* PomodoroHub (macOS) */ = {
			isa = PBXNativeTarget;
			buildConfigurationList = 75999CC125E5DA9B00CD0080 /* Build configuration list for PBXNativeTarget "PomodoroHub (macOS)" */;
			buildPhases = (
				75999C9425E5DA9B00CD0080 /* Sources */,
				75999C9525E5DA9B00CD0080 /* Frameworks */,
				75999C9625E5DA9B00CD0080 /* Resources */,
			);
			buildRules = (
			);
			dependencies = (
			);
			name = "PomodoroHub (macOS)";
			productName = "PomodoroHub (macOS)";
			productReference = 75999C9825E5DA9B00CD0080 /* PomodoroHub.app */;
			productType = "com.apple.product-type.application";
		};
		75999C9F25E5DA9B00CD0080 /* Tests iOS */ = {
			isa = PBXNativeTarget;
			buildConfigurationList = 75999CC425E5DA9B00CD0080 /* Build configuration list for PBXNativeTarget "Tests iOS" */;
			buildPhases = (
				75999C9C25E5DA9B00CD0080 /* Sources */,
				75999C9D25E5DA9B00CD0080 /* Frameworks */,
				75999C9E25E5DA9B00CD0080 /* Resources */,
			);
			buildRules = (
			);
			dependencies = (
				75999CA225E5DA9B00CD0080 /* PBXTargetDependency */,
			);
			name = "Tests iOS";
			productName = "Tests iOS";
			productReference = 75999CA025E5DA9B00CD0080 /* Tests iOS.xctest */;
			productType = "com.apple.product-type.bundle.ui-testing";
		};
		75999CAA25E5DA9B00CD0080 /* Tests macOS */ = {
			isa = PBXNativeTarget;
			buildConfigurationList = 75999CC725E5DA9B00CD0080 /* Build configuration list for PBXNativeTarget "Tests macOS" */;
			buildPhases = (
				75999CA725E5DA9B00CD0080 /* Sources */,
				75999CA825E5DA9B00CD0080 /* Frameworks */,
				75999CA925E5DA9B00CD0080 /* Resources */,
			);
			buildRules = (
			);
			dependencies = (
				75999CAD25E5DA9B00CD0080 /* PBXTargetDependency */,
			);
			name = "Tests macOS";
			productName = "Tests macOS";
			productReference = 75999CAB25E5DA9B00CD0080 /* Tests macOS.xctest */;
			productType = "com.apple.product-type.bundle.ui-testing";
		};
/* End PBXNativeTarget section */

/* Begin PBXProject section */
		75999C8125E5DA9A00CD0080 /* Project object */ = {
			isa = PBXProject;
			attributes = {
				LastSwiftUpdateCheck = 1240;
				LastUpgradeCheck = 1240;
				TargetAttributes = {
					75999C8F25E5DA9B00CD0080 = {
						CreatedOnToolsVersion = 12.4;
					};
					75999C9725E5DA9B00CD0080 = {
						CreatedOnToolsVersion = 12.4;
					};
					75999C9F25E5DA9B00CD0080 = {
						CreatedOnToolsVersion = 12.4;
						TestTargetID = 75999C8F25E5DA9B00CD0080;
					};
					75999CAA25E5DA9B00CD0080 = {
						CreatedOnToolsVersion = 12.4;
						TestTargetID = 75999C9725E5DA9B00CD0080;
					};
				};
			};
			buildConfigurationList = 75999C8425E5DA9A00CD0080 /* Build configuration list for PBXProject "PomodoroHub" */;
			compatibilityVersion = "Xcode 9.3";
			developmentRegion = en;
			hasScannedForEncodings = 0;
			knownRegions = (
				en,
				Base,
			);
			mainGroup = 75999C8025E5DA9A00CD0080;
			productRefGroup = 75999C9125E5DA9B00CD0080 /* Products */;
			projectDirPath = "";
			projectRoot = "";
			targets = (
				75999C8F25E5DA9B00CD0080 /* PomodoroHub (iOS) */,
				75999C9725E5DA9B00CD0080 /* PomodoroHub (macOS) */,
				75999C9F25E5DA9B00CD0080 /* Tests iOS */,
				75999CAA25E5DA9B00CD0080 /* Tests macOS */,
			);
		};
/* End PBXProject section */

/* Begin PBXResourcesBuildPhase section */
		75999C8E25E5DA9B00CD0080 /* Resources */ = {
			isa = PBXResourcesBuildPhase;
			buildActionMask = 2147483647;
			files = (
				75999CBA25E5DA9B00CD0080 /* Assets.xcassets in Resources */,
			);
			runOnlyForDeploymentPostprocessing = 0;
		};
		75999C9625E5DA9B00CD0080 /* Resources */ = {
			isa = PBXResourcesBuildPhase;
			buildActionMask = 2147483647;
			files = (
				75999CBB25E5DA9B00CD0080 /* Assets.xcassets in Resources */,
			);
			runOnlyForDeploymentPostprocessing = 0;
		};
		75999C9E25E5DA9B00CD0080 /* Resources */ = {
			isa = PBXResourcesBuildPhase;
			buildActionMask = 2147483647;
			files = (
			);
			runOnlyForDeploymentPostprocessing = 0;
		};
		75999CA925E5DA9B00CD0080 /* Resources */ = {
			isa = PBXResourcesBuildPhase;
			buildActionMask = 2147483647;
			files = (
			);
			runOnlyForDeploymentPostprocessing = 0;
		};
/* End PBXResourcesBuildPhase section */

/* Begin PBXSourcesBuildPhase section */
		75999C8C25E5DA9B00CD0080 /* Sources */ = {
			isa = PBXSourcesBuildPhase;
			buildActionMask = 2147483647;
			files = (
				75999CB425E5DA9B00CD0080 /* PomodoroHubApp.swift in Sources */,
				75999CB825E5DA9B00CD0080 /* Persistence.swift in Sources */,
				75999CB225E5DA9B00CD0080 /* PomodoroHub.xcdatamodeld in Sources */,
				75999CB625E5DA9B00CD0080 /* ContentView.swift in Sources */,
			);
			runOnlyForDeploymentPostprocessing = 0;
		};
		75999C9425E5DA9B00CD0080 /* Sources */ = {
			isa = PBXSourcesBuildPhase;
			buildActionMask = 2147483647;
			files = (
				75999CB525E5DA9B00CD0080 /* PomodoroHubApp.swift in Sources */,
				75999CB925E5DA9B00CD0080 /* Persistence.swift in Sources */,
				75999CB325E5DA9B00CD0080 /* PomodoroHub.xcdatamodeld in Sources */,
				75999CB725E5DA9B00CD0080 /* ContentView.swift in Sources */,
			);
			runOnlyForDeploymentPostprocessing = 0;
		};
		75999C9C25E5DA9B00CD0080 /* Sources */ = {
			isa = PBXSourcesBuildPhase;
			buildActionMask = 2147483647;
			files = (
				75999CA525E5DA9B00CD0080 /* Tests_iOS.swift in Sources */,
			);
			runOnlyForDeploymentPostprocessing = 0;
		};
		75999CA725E5DA9B00CD0080 /* Sources */ = {
			isa = PBXSourcesBuildPhase;
			buildActionMask = 2147483647;
			files = (
				75999CB025E5DA9B00CD0080 /* Tests_macOS.swift in Sources */,
			);
			runOnlyForDeploymentPostprocessing = 0;
		};
/* End PBXSourcesBuildPhase section */

/* Begin PBXTargetDependency section */
		75999CA225E5DA9B00CD0080 /* PBXTargetDependency */ = {
			isa = PBXTargetDependency;
			target = 75999C8F25E5DA9B00CD0080 /* PomodoroHub (iOS) */;
			targetProxy = 75999CA125E5DA9B00CD0080 /* PBXContainerItemProxy */;
		};
		75999CAD25E5DA9B00CD0080 /* PBXTargetDependency */ = {
			isa = PBXTargetDependency;
			target = 75999C9725E5DA9B00CD0080 /* PomodoroHub (macOS) */;
			targetProxy = 75999CAC25E5DA9B00CD0080 /* PBXContainerItemProxy */;
		};
/* End PBXTargetDependency section */

/* Begin XCBuildConfiguration section */
		75999CBC25E5DA9B00CD0080 /* Debug */ = {
			isa = XCBuildConfiguration;
			buildSettings = {
				ALWAYS_SEARCH_USER_PATHS = NO;
				CLANG_ANALYZER_NONNULL = YES;
				CLANG_ANALYZER_NUMBER_OBJECT_CONVERSION = YES_AGGRESSIVE;
				CLANG_CXX_LANGUAGE_STANDARD = "gnu++14";
				CLANG_CXX_LIBRARY = "libc++";
				CLANG_ENABLE_MODULES = YES;
				CLANG_ENABLE_OBJC_ARC = YES;
				CLANG_ENABLE_OBJC_WEAK = YES;
				CLANG_WARN_BLOCK_CAPTURE_AUTORELEASING = YES;
				CLANG_WARN_BOOL_CONVERSION = YES;
				CLANG_WARN_COMMA = YES;
				CLANG_WARN_CONSTANT_CONVERSION = YES;
				CLANG_WARN_DEPRECATED_OBJC_IMPLEMENTATIONS = YES;
				CLANG_WARN_DIRECT_OBJC_ISA_USAGE = YES_ERROR;
				CLANG_WARN_DOCUMENTATION_COMMENTS = YES;
				CLANG_WARN_EMPTY_BODY = YES;
				CLANG_WARN_ENUM_CONVERSION = YES;
				CLANG_WARN_INFINITE_RECURSION = YES;
				CLANG_WARN_INT_CONVERSION = YES;
				CLANG_WARN_NON_LITERAL_NULL_CONVERSION = YES;
				CLANG_WARN_OBJC_IMPLICIT_RETAIN_SELF = YES;
				CLANG_WARN_OBJC_LITERAL_CONVERSION = YES;
				CLANG_WARN_OBJC_ROOT_CLASS = YES_ERROR;
				CLANG_WARN_QUOTED_INCLUDE_IN_FRAMEWORK_HEADER = YES;
				CLANG_WARN_RANGE_LOOP_ANALYSIS = YES;
				CLANG_WARN_STRICT_PROTOTYPES = YES;
				CLANG_WARN_SUSPICIOUS_MOVE = YES;
				CLANG_WARN_UNGUARDED_AVAILABILITY = YES_AGGRESSIVE;
				CLANG_WARN_UNREACHABLE_CODE = YES;
				CLANG_WARN__DUPLICATE_METHOD_MATCH = YES;
				COPY_PHASE_STRIP = NO;
				DEBUG_INFORMATION_FORMAT = dwarf;
				ENABLE_STRICT_OBJC_MSGSEND = YES;
				ENABLE_TESTABILITY = YES;
				GCC_C_LANGUAGE_STANDARD = gnu11;
				GCC_DYNAMIC_NO_PIC = NO;
				GCC_NO_COMMON_BLOCKS = YES;
				GCC_OPTIMIZATION_LEVEL = 0;
				GCC_PREPROCESSOR_DEFINITIONS = (
					"DEBUG=1",
					"$(inherited)",
				);
				GCC_WARN_64_TO_32_BIT_CONVERSION = YES;
				GCC_WARN_ABOUT_RETURN_TYPE = YES_ERROR;
				GCC_WARN_UNDECLARED_SELECTOR = YES;
				GCC_WARN_UNINITIALIZED_AUTOS = YES_AGGRESSIVE;
				GCC_WARN_UNUSED_FUNCTION = YES;
				GCC_WARN_UNUSED_VARIABLE = YES;
				MTL_ENABLE_DEBUG_INFO = INCLUDE_SOURCE;
				MTL_FAST_MATH = YES;
				ONLY_ACTIVE_ARCH = YES;
				SWIFT_ACTIVE_COMPILATION_CONDITIONS = DEBUG;
				SWIFT_OPTIMIZATION_LEVEL = "-Onone";
			};
			name = Debug;
		};
		75999CBD25E5DA9B00CD0080 /* Release */ = {
			isa = XCBuildConfiguration;
			buildSettings = {
				ALWAYS_SEARCH_USER_PATHS = NO;
				CLANG_ANALYZER_NONNULL = YES;
				CLANG_ANALYZER_NUMBER_OBJECT_CONVERSION = YES_AGGRESSIVE;
				CLANG_CXX_LANGUAGE_STANDARD = "gnu++14";
				CLANG_CXX_LIBRARY = "libc++";
				CLANG_ENABLE_MODULES = YES;
				CLANG_ENABLE_OBJC_ARC = YES;
				CLANG_ENABLE_OBJC_WEAK = YES;
				CLANG_WARN_BLOCK_CAPTURE_AUTORELEASING = YES;
				CLANG_WARN_BOOL_CONVERSION = YES;
				CLANG_WARN_COMMA = YES;
				CLANG_WARN_CONSTANT_CONVERSION = YES;
				CLANG_WARN_DEPRECATED_OBJC_IMPLEMENTATIONS = YES;
				CLANG_WARN_DIRECT_OBJC_ISA_USAGE = YES_ERROR;
				CLANG_WARN_DOCUMENTATION_COMMENTS = YES;
				CLANG_WARN_EMPTY_BODY = YES;
				CLANG_WARN_ENUM_CONVERSION = YES;
				CLANG_WARN_INFINITE_RECURSION = YES;
				CLANG_WARN_INT_CONVERSION = YES;
				CLANG_WARN_NON_LITERAL_NULL_CONVERSION = YES;
				CLANG_WARN_OBJC_IMPLICIT_RETAIN_SELF = YES;
				CLANG_WARN_OBJC_LITERAL_CONVERSION = YES;
				CLANG_WARN_OBJC_ROOT_CLASS = YES_ERROR;
				CLANG_WARN_QUOTED_INCLUDE_IN_FRAMEWORK_HEADER = YES;
				CLANG_WARN_RANGE_LOOP_ANALYSIS = YES;
				CLANG_WARN_STRICT_PROTOTYPES = YES;
				CLANG_WARN_SUSPICIOUS_MOVE = YES;
				CLANG_WARN_UNGUARDED_AVAILABILITY = YES_AGGRESSIVE;
				CLANG_WARN_UNREACHABLE_CODE = YES;
				CLANG_WARN__DUPLICATE_METHOD_MATCH = YES;
				COPY_PHASE_STRIP = NO;
				DEBUG_INFORMATION_FORMAT = "dwarf-with-dsym";
				ENABLE_NS_ASSERTIONS = NO;
				ENABLE_STRICT_OBJC_MSGSEND = YES;
				GCC_C_LANGUAGE_STANDARD = gnu11;
				GCC_NO_COMMON_BLOCKS = YES;
				GCC_WARN_64_TO_32_BIT_CONVERSION = YES;
				GCC_WARN_ABOUT_RETURN_TYPE = YES_ERROR;
				GCC_WARN_UNDECLARED_SELECTOR = YES;
				GCC_WARN_UNINITIALIZED_AUTOS = YES_AGGRESSIVE;
				GCC_WARN_UNUSED_FUNCTION = YES;
				GCC_WARN_UNUSED_VARIABLE = YES;
				MTL_ENABLE_DEBUG_INFO = NO;
				MTL_FAST_MATH = YES;
				SWIFT_COMPILATION_MODE = wholemodule;
				SWIFT_OPTIMIZATION_LEVEL = "-O";
			};
			name = Release;
		};
		75999CBF25E5DA9B00CD0080 /* Debug */ = {
			isa = XCBuildConfiguration;
			buildSettings = {
				ASSETCATALOG_COMPILER_APPICON_NAME = AppIcon;
				ASSETCATALOG_COMPILER_GLOBAL_ACCENT_COLOR_NAME = AccentColor;
				CODE_SIGN_STYLE = Automatic;
				CURRENT_PROJECT_VERSION = 0.1;
				ENABLE_PREVIEWS = YES;
				INFOPLIST_FILE = iOS/Info.plist;
				IPHONEOS_DEPLOYMENT_TARGET = 14.0;
				LD_RUNPATH_SEARCH_PATHS = (
					"$(inherited)",
					"@executable_path/Frameworks",
				);
				MARKETING_VERSION = 0.0.1;
				PRODUCT_BUNDLE_IDENTIFIER = jp.co.JchanKchan.PomodoroHub;
				PRODUCT_NAME = PomodoroHub;
				SDKROOT = iphoneos;
				SWIFT_VERSION = 5.0;
				TARGETED_DEVICE_FAMILY = "1,2";
			};
			name = Debug;
		};
		75999CC025E5DA9B00CD0080 /* Release */ = {
			isa = XCBuildConfiguration;
			buildSettings = {
				ASSETCATALOG_COMPILER_APPICON_NAME = AppIcon;
				ASSETCATALOG_COMPILER_GLOBAL_ACCENT_COLOR_NAME = AccentColor;
				CODE_SIGN_STYLE = Automatic;
				CURRENT_PROJECT_VERSION = 0.1;
				ENABLE_PREVIEWS = YES;
				INFOPLIST_FILE = iOS/Info.plist;
				IPHONEOS_DEPLOYMENT_TARGET = 14.0;
				LD_RUNPATH_SEARCH_PATHS = (
					"$(inherited)",
					"@executable_path/Frameworks",
				);
				MARKETING_VERSION = 0.0.1;
				PRODUCT_BUNDLE_IDENTIFIER = jp.co.JchanKchan.PomodoroHub;
				PRODUCT_NAME = PomodoroHub;
				SDKROOT = iphoneos;
				SWIFT_VERSION = 5.0;
				TARGETED_DEVICE_FAMILY = "1,2";
				VALIDATE_PRODUCT = YES;
			};
			name = Release;
		};
		75999CC225E5DA9B00CD0080 /* Debug */ = {
			isa = XCBuildConfiguration;
			buildSettings = {
				ASSETCATALOG_COMPILER_APPICON_NAME = AppIcon;
				ASSETCATALOG_COMPILER_GLOBAL_ACCENT_COLOR_NAME = AccentColor;
				CODE_SIGN_ENTITLEMENTS = macOS/macOS.entitlements;
				CODE_SIGN_STYLE = Automatic;
				COMBINE_HIDPI_IMAGES = YES;
				ENABLE_PREVIEWS = YES;
				INFOPLIST_FILE = macOS/Info.plist;
				LD_RUNPATH_SEARCH_PATHS = (
					"$(inherited)",
					"@executable_path/../Frameworks",
				);
				MACOSX_DEPLOYMENT_TARGET = 11.0;
				PRODUCT_BUNDLE_IDENTIFIER = jp.co.JchanKchan.PomodoroHub;
				PRODUCT_NAME = PomodoroHub;
				SDKROOT = macosx;
				SWIFT_VERSION = 5.0;
			};
			name = Debug;
		};
		75999CC325E5DA9B00CD0080 /* Release */ = {
			isa = XCBuildConfiguration;
			buildSettings = {
				ASSETCATALOG_COMPILER_APPICON_NAME = AppIcon;
				ASSETCATALOG_COMPILER_GLOBAL_ACCENT_COLOR_NAME = AccentColor;
				CODE_SIGN_ENTITLEMENTS = macOS/macOS.entitlements;
				CODE_SIGN_STYLE = Automatic;
				COMBINE_HIDPI_IMAGES = YES;
				ENABLE_PREVIEWS = YES;
				INFOPLIST_FILE = macOS/Info.plist;
				LD_RUNPATH_SEARCH_PATHS = (
					"$(inherited)",
					"@executable_path/../Frameworks",
				);
				MACOSX_DEPLOYMENT_TARGET = 11.0;
				PRODUCT_BUNDLE_IDENTIFIER = jp.co.JchanKchan.PomodoroHub;
				PRODUCT_NAME = PomodoroHub;
				SDKROOT = macosx;
				SWIFT_VERSION = 5.0;
			};
			name = Release;
		};
		75999CC525E5DA9B00CD0080 /* Debug */ = {
			isa = XCBuildConfiguration;
			buildSettings = {
				ALWAYS_EMBED_SWIFT_STANDARD_LIBRARIES = YES;
				CODE_SIGN_STYLE = Automatic;
				INFOPLIST_FILE = "Tests iOS/Info.plist";
				IPHONEOS_DEPLOYMENT_TARGET = 14.4;
				LD_RUNPATH_SEARCH_PATHS = (
					"$(inherited)",
					"@executable_path/Frameworks",
					"@loader_path/Frameworks",
				);
				PRODUCT_BUNDLE_IDENTIFIER = "jp.co.JchanKchan.Tests-iOS";
				PRODUCT_NAME = "$(TARGET_NAME)";
				SDKROOT = iphoneos;
				SWIFT_VERSION = 5.0;
				TARGETED_DEVICE_FAMILY = "1,2";
				TEST_TARGET_NAME = "PomodoroHub (iOS)";
			};
			name = Debug;
		};
		75999CC625E5DA9B00CD0080 /* Release */ = {
			isa = XCBuildConfiguration;
			buildSettings = {
				ALWAYS_EMBED_SWIFT_STANDARD_LIBRARIES = YES;
				CODE_SIGN_STYLE = Automatic;
				INFOPLIST_FILE = "Tests iOS/Info.plist";
				IPHONEOS_DEPLOYMENT_TARGET = 14.4;
				LD_RUNPATH_SEARCH_PATHS = (
					"$(inherited)",
					"@executable_path/Frameworks",
					"@loader_path/Frameworks",
				);
				PRODUCT_BUNDLE_IDENTIFIER = "jp.co.JchanKchan.Tests-iOS";
				PRODUCT_NAME = "$(TARGET_NAME)";
				SDKROOT = iphoneos;
				SWIFT_VERSION = 5.0;
				TARGETED_DEVICE_FAMILY = "1,2";
				TEST_TARGET_NAME = "PomodoroHub (iOS)";
				VALIDATE_PRODUCT = YES;
			};
			name = Release;
		};
		75999CC825E5DA9B00CD0080 /* Debug */ = {
			isa = XCBuildConfiguration;
			buildSettings = {
				ALWAYS_EMBED_SWIFT_STANDARD_LIBRARIES = YES;
				CODE_SIGN_STYLE = Automatic;
				COMBINE_HIDPI_IMAGES = YES;
				INFOPLIST_FILE = "Tests macOS/Info.plist";
				LD_RUNPATH_SEARCH_PATHS = (
					"$(inherited)",
					"@executable_path/../Frameworks",
					"@loader_path/../Frameworks",
				);
				MACOSX_DEPLOYMENT_TARGET = 10.15;
				PRODUCT_BUNDLE_IDENTIFIER = "jp.co.JchanKchan.Tests-macOS";
				PRODUCT_NAME = "$(TARGET_NAME)";
				SDKROOT = macosx;
				SWIFT_VERSION = 5.0;
				TEST_TARGET_NAME = "PomodoroHub (macOS)";
			};
			name = Debug;
		};
		75999CC925E5DA9B00CD0080 /* Release */ = {
			isa = XCBuildConfiguration;
			buildSettings = {
				ALWAYS_EMBED_SWIFT_STANDARD_LIBRARIES = YES;
				CODE_SIGN_STYLE = Automatic;
				COMBINE_HIDPI_IMAGES = YES;
				INFOPLIST_FILE = "Tests macOS/Info.plist";
				LD_RUNPATH_SEARCH_PATHS = (
					"$(inherited)",
					"@executable_path/../Frameworks",
					"@loader_path/../Frameworks",
				);
				MACOSX_DEPLOYMENT_TARGET = 10.15;
				PRODUCT_BUNDLE_IDENTIFIER = "jp.co.JchanKchan.Tests-macOS";
				PRODUCT_NAME = "$(TARGET_NAME)";
				SDKROOT = macosx;
				SWIFT_VERSION = 5.0;
				TEST_TARGET_NAME = "PomodoroHub (macOS)";
			};
			name = Release;
		};
/* End XCBuildConfiguration section */

/* Begin XCConfigurationList section */
		75999C8425E5DA9A00CD0080 /* Build configuration list for PBXProject "PomodoroHub" */ = {
			isa = XCConfigurationList;
			buildConfigurations = (
				75999CBC25E5DA9B00CD0080 /* Debug */,
				75999CBD25E5DA9B00CD0080 /* Release */,
			);
			defaultConfigurationIsVisible = 0;
			defaultConfigurationName = Release;
		};
		75999CBE25E5DA9B00CD0080 /* Build configuration list for PBXNativeTarget "PomodoroHub (iOS)" */ = {
			isa = XCConfigurationList;
			buildConfigurations = (
				75999CBF25E5DA9B00CD0080 /* Debug */,
				75999CC025E5DA9B00CD0080 /* Release */,
			);
			defaultConfigurationIsVisible = 0;
			defaultConfigurationName = Release;
		};
		75999CC125E5DA9B00CD0080 /* Build configuration list for PBXNativeTarget "PomodoroHub (macOS)" */ = {
			isa = XCConfigurationList;
			buildConfigurations = (
				75999CC225E5DA9B00CD0080 /* Debug */,
				75999CC325E5DA9B00CD0080 /* Release */,
			);
			defaultConfigurationIsVisible = 0;
			defaultConfigurationName = Release;
		};
		75999CC425E5DA9B00CD0080 /* Build configuration list for PBXNativeTarget "Tests iOS" */ = {
			isa = XCConfigurationList;
			buildConfigurations = (
				75999CC525E5DA9B00CD0080 /* Debug */,
				75999CC625E5DA9B00CD0080 /* Release */,
			);
			defaultConfigurationIsVisible = 0;
			defaultConfigurationName = Release;
		};
		75999CC725E5DA9B00CD0080 /* Build configuration list for PBXNativeTarget "Tests macOS" */ = {
			isa = XCConfigurationList;
			buildConfigurations = (
				75999CC825E5DA9B00CD0080 /* Debug */,
				75999CC925E5DA9B00CD0080 /* Release */,
			);
			defaultConfigurationIsVisible = 0;
			defaultConfigurationName = Release;
		};
/* End XCConfigurationList section */

/* Begin XCVersionGroup section */
		75999C8625E5DA9A00CD0080 /* PomodoroHub.xcdatamodeld */ = {
			isa = XCVersionGroup;
			children = (
				75999C8725E5DA9A00CD0080 /* Shared.xcdatamodel */,
			);
			currentVersion = 75999C8725E5DA9A00CD0080 /* Shared.xcdatamodel */;
			path = PomodoroHub.xcdatamodeld;
			sourceTree = "<group>";
			versionGroupType = wrapper.xcdatamodel;
		};
/* End XCVersionGroup section */
	};
	rootObject = 75999C8125E5DA9A00CD0080 /* Project object */;
}
